
Microsoft Visual Studio Solution File, Format Version 12.00
# Visual Studio Version 16
VisualStudioVersion = 16.0.32413.511
MinimumVisualStudioVersion = 10.0.40219.1
Project("{FAE04EC0-301F-11D3-BF4B-00C04F79EFBC}") = "PN_EMR", "PN_EMR\PN_EMR.csproj", "{367948BC-E1C2-4CD0-BD51-42187EA66416}"
EndProject
Global
	GlobalSection(SolutionConfigurationPlatforms) = preSolution
		Debug|Any CPU = Debug|Any CPU
		Release|Any CPU = Release|Any CPU
	EndGlobalSection
	GlobalSection(ProjectConfigurationPlatforms) = postSolution
		{367948BC-E1C2-4CD0-BD51-42187EA66416}.Debug|Any CPU.ActiveCfg = Debug|Any CPU
		{367948BC-E1C2-4CD0-BD51-42187EA66416}.Debug|Any CPU.Build.0 = Debug|Any CPU
		{367948BC-E1C2-4CD0-BD51-42187EA66416}.Release|Any CPU.ActiveCfg = Release|Any CPU
		{367948BC-E1C2-4CD0-BD51-42187EA66416}.Release|Any CPU.Build.0 = Release|Any CPU
	EndGlobalSection
	GlobalSection(SolutionProperties) = preSolution
		HideSolutionNode = FALSE
	EndGlobalSection
	GlobalSection(ExtensibilityGlobals) = postSolution
		SolutionGuid = {08AC72CE-4B86-4B71-B1A6-F0DC74443358}
	EndGlobalSection
EndGlobal
